
Microsoft Visual Studio Solution File, Format Version 12.00
# Visual Studio Version 16
VisualStudioVersion = 16.0.31321.278
MinimumVisualStudioVersion = 10.0.40219.1
Project("{FAE04EC0-301F-11D3-BF4B-00C04F79EFBC}") = "badIdeasTeamInfo", "badIdeasTeamInfo\badIdeasTeamInfo.csproj", "{73F3F8BB-B194-41D8-8373-EB43014B2DCE}"
EndProject
Global
	GlobalSection(SolutionConfigurationPlatforms) = preSolution
		Debug|Any CPU = Debug|Any CPU
		Release|Any CPU = Release|Any CPU
	EndGlobalSection
	GlobalSection(ProjectConfigurationPlatforms) = postSolution
		{73F3F8BB-B194-41D8-8373-EB43014B2DCE}.Debug|Any CPU.ActiveCfg = Debug|Any CPU
		{73F3F8BB-B194-41D8-8373-EB43014B2DCE}.Debug|Any CPU.Build.0 = Debug|Any CPU
		{73F3F8BB-B194-41D8-8373-EB43014B2DCE}.Release|Any CPU.ActiveCfg = Release|Any CPU
		{73F3F8BB-B194-41D8-8373-EB43014B2DCE}.Release|Any CPU.Build.0 = Release|Any CPU
	EndGlobalSection
	GlobalSection(SolutionProperties) = preSolution
		HideSolutionNode = FALSE
	EndGlobalSection
	GlobalSection(ExtensibilityGlobals) = postSolution
		SolutionGuid = {AB9011F0-214A-4829-B814-D7B152761406}
	EndGlobalSection
EndGlobal
